
Microsoft Visual Studio Solution File, Format Version 12.00
# Visual Studio Version 17
VisualStudioVersion = 17.11.35327.3
MinimumVisualStudioVersion = 10.0.40219.1
Project("{FAE04EC0-301F-11D3-BF4B-00C04F79EFBC}") = "FirebaseAdmin.Extensions", "FirebaseAdmin.Extensions\FirebaseAdmin.Extensions.csproj", "{FD3C73AB-364D-4E3E-8F7A-67BDA11FA6CA}"
EndProject
Global
	GlobalSection(SolutionConfigurationPlatforms) = preSolution
		Debug|Any CPU = Debug|Any CPU
		Release|Any CPU = Release|Any CPU
	EndGlobalSection
	GlobalSection(ProjectConfigurationPlatforms) = postSolution
		{FD3C73AB-364D-4E3E-8F7A-67BDA11FA6CA}.Debug|Any CPU.ActiveCfg = Debug|Any CPU
		{FD3C73AB-364D-4E3E-8F7A-67BDA11FA6CA}.Debug|Any CPU.Build.0 = Debug|Any CPU
		{FD3C73AB-364D-4E3E-8F7A-67BDA11FA6CA}.Release|Any CPU.ActiveCfg = Release|Any CPU
		{FD3C73AB-364D-4E3E-8F7A-67BDA11FA6CA}.Release|Any CPU.Build.0 = Release|Any CPU
	EndGlobalSection
	GlobalSection(SolutionProperties) = preSolution
		HideSolutionNode = FALSE
	EndGlobalSection
	GlobalSection(ExtensibilityGlobals) = postSolution
		SolutionGuid = {B0E9F008-09FE-4D93-A290-289B14592D32}
	EndGlobalSection
EndGlobal
